
Microsoft Visual Studio Solution File, Format Version 12.00
# Visual Studio 15
VisualStudioVersion = 15.0.26430.16
MinimumVisualStudioVersion = 10.0.40219.1
Project("{9A19103F-16F7-4668-BE54-9A1E7A4F7556}") = "MailMergeLib.NetCore", "MailMergeLib\MailMergeLib.NetCore.csproj", "{B0333A74-843F-4E09-B0DD-F48B9A45E430}"
EndProject
Global
	GlobalSection(SolutionConfigurationPlatforms) = preSolution
		Debug|Any CPU = Debug|Any CPU
		Release|Any CPU = Release|Any CPU
	EndGlobalSection
	GlobalSection(ProjectConfigurationPlatforms) = postSolution
		{B0333A74-843F-4E09-B0DD-F48B9A45E430}.Debug|Any CPU.ActiveCfg = Debug|Any CPU
		{B0333A74-843F-4E09-B0DD-F48B9A45E430}.Debug|Any CPU.Build.0 = Debug|Any CPU
		{B0333A74-843F-4E09-B0DD-F48B9A45E430}.Release|Any CPU.ActiveCfg = Release|Any CPU
		{B0333A74-843F-4E09-B0DD-F48B9A45E430}.Release|Any CPU.Build.0 = Release|Any CPU
	EndGlobalSection
	GlobalSection(SolutionProperties) = preSolution
		HideSolutionNode = FALSE
	EndGlobalSection
EndGlobal
