
Microsoft Visual Studio Solution File, Format Version 12.00
# Visual Studio Version 17
VisualStudioVersion = 17.0.32014.148
MinimumVisualStudioVersion = 10.0.40219.1
Project("{9A19103F-16F7-4668-BE54-9A1E7A4F7556}") = "MailMergeLib.Tests", "MailMergeLib.Tests\MailMergeLib.Tests.csproj", "{89C5BF32-DA54-4BEC-93B9-83AA060A0307}"
EndProject
Project("{9A19103F-16F7-4668-BE54-9A1E7A4F7556}") = "MailMergeLib", "MailMergeLib\MailMergeLib.csproj", "{F6ABBAC7-F7B8-4010-BA9D-75495E35AA15}"
EndProject
Global
	GlobalSection(SolutionConfigurationPlatforms) = preSolution
		Debug|Any CPU = Debug|Any CPU
		Release|Any CPU = Release|Any CPU
	EndGlobalSection
	GlobalSection(ProjectConfigurationPlatforms) = postSolution
		{89C5BF32-DA54-4BEC-93B9-83AA060A0307}.Debug|Any CPU.ActiveCfg = Debug|Any CPU
		{89C5BF32-DA54-4BEC-93B9-83AA060A0307}.Debug|Any CPU.Build.0 = Debug|Any CPU
		{89C5BF32-DA54-4BEC-93B9-83AA060A0307}.Release|Any CPU.ActiveCfg = Release|Any CPU
		{89C5BF32-DA54-4BEC-93B9-83AA060A0307}.Release|Any CPU.Build.0 = Release|Any CPU
		{F6ABBAC7-F7B8-4010-BA9D-75495E35AA15}.Debug|Any CPU.ActiveCfg = Debug|Any CPU
		{F6ABBAC7-F7B8-4010-BA9D-75495E35AA15}.Debug|Any CPU.Build.0 = Debug|Any CPU
		{F6ABBAC7-F7B8-4010-BA9D-75495E35AA15}.Release|Any CPU.ActiveCfg = Release|Any CPU
		{F6ABBAC7-F7B8-4010-BA9D-75495E35AA15}.Release|Any CPU.Build.0 = Release|Any CPU
	EndGlobalSection
	GlobalSection(SolutionProperties) = preSolution
		HideSolutionNode = FALSE
	EndGlobalSection
	GlobalSection(ExtensibilityGlobals) = postSolution
		SolutionGuid = {33B2BCBC-6BDE-4A14-85A7-6506025D43F2}
	EndGlobalSection
EndGlobal
